
Microsoft Visual Studio Solution File, Format Version 12.00
# Visual Studio Version 17
VisualStudioVersion = 17.13.35828.75 d17.13
MinimumVisualStudioVersion = 10.0.40219.1
Project("{FAE04EC0-301F-11D3-BF4B-00C04F79EFBC}") = "Eversports", "Eversports\Eversports.csproj", "{AC480873-28D5-45D4-866D-A0A74745C008}"
EndProject
Global
	GlobalSection(SolutionConfigurationPlatforms) = preSolution
		Debug|Any CPU = Debug|Any CPU
		Release|Any CPU = Release|Any CPU
	EndGlobalSection
	GlobalSection(ProjectConfigurationPlatforms) = postSolution
		{AC480873-28D5-45D4-866D-A0A74745C008}.Debug|Any CPU.ActiveCfg = Debug|Any CPU
		{AC480873-28D5-45D4-866D-A0A74745C008}.Debug|Any CPU.Build.0 = Debug|Any CPU
		{AC480873-28D5-45D4-866D-A0A74745C008}.Release|Any CPU.ActiveCfg = Release|Any CPU
		{AC480873-28D5-45D4-866D-A0A74745C008}.Release|Any CPU.Build.0 = Release|Any CPU
	EndGlobalSection
	GlobalSection(SolutionProperties) = preSolution
		HideSolutionNode = FALSE
	EndGlobalSection
	GlobalSection(ExtensibilityGlobals) = postSolution
		SolutionGuid = {2EB65100-0D95-4004-9AD1-6268D14E5B72}
	EndGlobalSection
EndGlobal
